// !$*UTF8*$!
{
	archiveVersion = 1;
	classes = {
	};
	objectVersion = 46;
	objects = {

/* Begin PBXBuildFile section */
		32753E0919C2162B00BC28BD /* NBStudentNSOperation.m in Sources */ = {isa = PBXBuildFile; fileRef = 32753E0819C2162B00BC28BD /* NBStudentNSOperation.m */; };
		32939DC519B8425600D70CF9 /* NBStudent.m in Sources */ = {isa = PBXBuildFile; fileRef = 32939DC419B8425600D70CF9 /* NBStudent.m */; };
		3297AB4719B619F800B6C033 /* Foundation.framework in Frameworks */ = {isa = PBXBuildFile; fileRef = 3297AB4619B619F800B6C033 /* Foundation.framework */; };
		3297AB4919B619F800B6C033 /* CoreGraphics.framework in Frameworks */ = {isa = PBXBuildFile; fileRef = 3297AB4819B619F800B6C033 /* CoreGraphics.framework */; };
		3297AB4B19B619F800B6C033 /* UIKit.framework in Frameworks */ = {isa = PBXBuildFile; fileRef = 3297AB4A19B619F800B6C033 /* UIKit.framework */; };
		3297AB5119B619F800B6C033 /* InfoPlist.strings in Resources */ = {isa = PBXBuildFile; fileRef = 3297AB4F19B619F800B6C033 /* InfoPlist.strings */; };
		3297AB5319B619F800B6C033 /* main.m in Sources */ = {isa = PBXBuildFile; fileRef = 3297AB5219B619F800B6C033 /* main.m */; };
		3297AB5719B619F800B6C033 /* NBAppDelegate.m in Sources */ = {isa = PBXBuildFile; fileRef = 3297AB5619B619F800B6C033 /* NBAppDelegate.m */; };
		3297AB5919B619F800B6C033 /* Images.xcassets in Resources */ = {isa = PBXBuildFile; fileRef = 3297AB5819B619F800B6C033 /* Images.xcassets */; };
		3297AB6019B619F900B6C033 /* XCTest.framework in Frameworks */ = {isa = PBXBuildFile; fileRef = 3297AB5F19B619F900B6C033 /* XCTest.framework */; };
		3297AB6119B619F900B6C033 /* Foundation.framework in Frameworks */ = {isa = PBXBuildFile; fileRef = 3297AB4619B619F800B6C033 /* Foundation.framework */; };
		3297AB6219B619F900B6C033 /* UIKit.framework in Frameworks */ = {isa = PBXBuildFile; fileRef = 3297AB4A19B619F800B6C033 /* UIKit.framework */; };
		3297AB6A19B619F900B6C033 /* InfoPlist.strings in Resources */ = {isa = PBXBuildFile; fileRef = 3297AB6819B619F900B6C033 /* InfoPlist.strings */; };
		3297AB6C19B619F900B6C033 /* Lesson13_ThreadsTests.m in Sources */ = {isa = PBXBuildFile; fileRef = 3297AB6B19B619F900B6C033 /* Lesson13_ThreadsTests.m */; };
/* End PBXBuildFile section */

/* Begin PBXContainerItemProxy section */
		3297AB6319B619F900B6C033 /* PBXContainerItemProxy */ = {
			isa = PBXContainerItemProxy;
			containerPortal = 3297AB3B19B619F800B6C033 /* Project object */;
			proxyType = 1;
			remoteGlobalIDString = 3297AB4219B619F800B6C033;
			remoteInfo = "Lesson13>Threads";
		};
/* End PBXContainerItemProxy section */

/* Begin PBXFileReference section */
		32753E0719C2162B00BC28BD /* NBStudentNSOperation.h */ = {isa = PBXFileReference; fileEncoding = 4; lastKnownFileType = sourcecode.c.h; path = NBStudentNSOperation.h; sourceTree = "<group>"; };
		32753E0819C2162B00BC28BD /* NBStudentNSOperation.m */ = {isa = PBXFileReference; fileEncoding = 4; lastKnownFileType = sourcecode.c.objc; path = NBStudentNSOperation.m; sourceTree = "<group>"; };
		32939DC319B8425600D70CF9 /* NBStudent.h */ = {isa = PBXFileReference; fileEncoding = 4; lastKnownFileType = sourcecode.c.h; path = NBStudent.h; sourceTree = "<group>"; };
		32939DC419B8425600D70CF9 /* NBStudent.m */ = {isa = PBXFileReference; fileEncoding = 4; lastKnownFileType = sourcecode.c.objc; path = NBStudent.m; sourceTree = "<group>"; };
		3297AB4319B619F800B6C033 /* Lesson13>Threads.app */ = {isa = PBXFileReference; explicitFileType = wrapper.application; includeInIndex = 0; path = "Lesson13>Threads.app"; sourceTree = BUILT_PRODUCTS_DIR; };
		3297AB4619B619F800B6C033 /* Foundation.framework */ = {isa = PBXFileReference; lastKnownFileType = wrapper.framework; name = Foundation.framework; path = System/Library/Frameworks/Foundation.framework; sourceTree = SDKROOT; };
		3297AB4819B619F800B6C033 /* CoreGraphics.framework */ = {isa = PBXFileReference; lastKnownFileType = wrapper.framework; name = CoreGraphics.framework; path = System/Library/Frameworks/CoreGraphics.framework; sourceTree = SDKROOT; };
		3297AB4A19B619F800B6C033 /* UIKit.framework */ = {isa = PBXFileReference; lastKnownFileType = wrapper.framework; name = UIKit.framework; path = System/Library/Frameworks/UIKit.framework; sourceTree = SDKROOT; };
		3297AB4E19B619F800B6C033 /* Lesson13>Threads-Info.plist */ = {isa = PBXFileReference; lastKnownFileType = text.plist.xml; path = "Lesson13>Threads-Info.plist"; sourceTree = "<group>"; };
		3297AB5019B619F800B6C033 /* en */ = {isa = PBXFileReference; lastKnownFileType = text.plist.strings; name = en; path = en.lproj/InfoPlist.strings; sourceTree = "<group>"; };
		3297AB5219B619F800B6C033 /* main.m */ = {isa = PBXFileReference; lastKnownFileType = sourcecode.c.objc; path = main.m; sourceTree = "<group>"; };
		3297AB5419B619F800B6C033 /* Lesson13>Threads-Prefix.pch */ = {isa = PBXFileReference; lastKnownFileType = sourcecode.c.h; path = "Lesson13>Threads-Prefix.pch"; sourceTree = "<group>"; };
		3297AB5519B619F800B6C033 /* NBAppDelegate.h */ = {isa = PBXFileReference; lastKnownFileType = sourcecode.c.h; path = NBAppDelegate.h; sourceTree = "<group>"; };
		3297AB5619B619F800B6C033 /* NBAppDelegate.m */ = {isa = PBXFileReference; lastKnownFileType = sourcecode.c.objc; path = NBAppDelegate.m; sourceTree = "<group>"; };
		3297AB5819B619F800B6C033 /* Images.xcassets */ = {isa = PBXFileReference; lastKnownFileType = folder.assetcatalog; path = Images.xcassets; sourceTree = "<group>"; };
		3297AB5E19B619F900B6C033 /* Lesson13>ThreadsTests.xctest */ = {isa = PBXFileReference; explicitFileType = wrapper.cfbundle; includeInIndex = 0; path = "Lesson13>ThreadsTests.xctest"; sourceTree = BUILT_PRODUCTS_DIR; };
		3297AB5F19B619F900B6C033 /* XCTest.framework */ = {isa = PBXFileReference; lastKnownFileType = wrapper.framework; name = XCTest.framework; path = Library/Frameworks/XCTest.framework; sourceTree = DEVELOPER_DIR; };
		3297AB6719B619F900B6C033 /* Lesson13>ThreadsTests-Info.plist */ = {isa = PBXFileReference; lastKnownFileType = text.plist.xml; path = "Lesson13>ThreadsTests-Info.plist"; sourceTree = "<group>"; };
		3297AB6919B619F900B6C033 /* en */ = {isa = PBXFileReference; lastKnownFileType = text.plist.strings; name = en; path = en.lproj/InfoPlist.strings; sourceTree = "<group>"; };
		3297AB6B19B619F900B6C033 /* Lesson13_ThreadsTests.m */ = {isa = PBXFileReference; lastKnownFileType = sourcecode.c.objc; path = Lesson13_ThreadsTests.m; sourceTree = "<group>"; };
/* End PBXFileReference section */

/* Begin PBXFrameworksBuildPhase section */
		3297AB4019B619F800B6C033 /* Frameworks */ = {
			isa = PBXFrameworksBuildPhase;
			buildActionMask = 2147483647;
			files = (
				3297AB4919B619F800B6C033 /* CoreGraphics.framework in Frameworks */,
				3297AB4B19B619F800B6C033 /* UIKit.framework in Frameworks */,
				3297AB4719B619F800B6C033 /* Foundation.framework in Frameworks */,
			);
			runOnlyForDeploymentPostprocessing = 0;
		};
		3297AB5B19B619F900B6C033 /* Frameworks */ = {
			isa = PBXFrameworksBuildPhase;
			buildActionMask = 2147483647;
			files = (
				3297AB6019B619F900B6C033 /* XCTest.framework in Frameworks */,
				3297AB6219B619F900B6C033 /* UIKit.framework in Frameworks */,
				3297AB6119B619F900B6C033 /* Foundation.framework in Frameworks */,
			);
			runOnlyForDeploymentPostprocessing = 0;
		};
/* End PBXFrameworksBuildPhase section */

/* Begin PBXGroup section */
		3297AB3A19B619F800B6C033 = {
			isa = PBXGroup;
			children = (
				3297AB4C19B619F800B6C033 /* Lesson13>Threads */,
				3297AB6519B619F900B6C033 /* Lesson13>ThreadsTests */,
				3297AB4519B619F800B6C033 /* Frameworks */,
				3297AB4419B619F800B6C033 /* Products */,
			);
			sourceTree = "<group>";
		};
		3297AB4419B619F800B6C033 /* Products */ = {
			isa = PBXGroup;
			children = (
				3297AB4319B619F800B6C033 /* Lesson13>Threads.app */,
				3297AB5E19B619F900B6C033 /* Lesson13>ThreadsTests.xctest */,
			);
			name = Products;
			sourceTree = "<group>";
		};
		3297AB4519B619F800B6C033 /* Frameworks */ = {
			isa = PBXGroup;
			children = (
				3297AB4619B619F800B6C033 /* Foundation.framework */,
				3297AB4819B619F800B6C033 /* CoreGraphics.framework */,
				3297AB4A19B619F800B6C033 /* UIKit.framework */,
				3297AB5F19B619F900B6C033 /* XCTest.framework */,
			);
			name = Frameworks;
			sourceTree = "<group>";
		};
		3297AB4C19B619F800B6C033 /* Lesson13>Threads */ = {
			isa = PBXGroup;
			children = (
				32939DC319B8425600D70CF9 /* NBStudent.h */,
				32939DC419B8425600D70CF9 /* NBStudent.m */,
				32753E0719C2162B00BC28BD /* NBStudentNSOperation.h */,
				32753E0819C2162B00BC28BD /* NBStudentNSOperation.m */,
				3297AB5519B619F800B6C033 /* NBAppDelegate.h */,
				3297AB5619B619F800B6C033 /* NBAppDelegate.m */,
				3297AB5819B619F800B6C033 /* Images.xcassets */,
				3297AB4D19B619F800B6C033 /* Supporting Files */,
			);
			path = "Lesson13>Threads";
			sourceTree = "<group>";
		};
		3297AB4D19B619F800B6C033 /* Supporting Files */ = {
			isa = PBXGroup;
			children = (
				3297AB4E19B619F800B6C033 /* Lesson13>Threads-Info.plist */,
				3297AB4F19B619F800B6C033 /* InfoPlist.strings */,
				3297AB5219B619F800B6C033 /* main.m */,
				3297AB5419B619F800B6C033 /* Lesson13>Threads-Prefix.pch */,
			);
			name = "Supporting Files";
			sourceTree = "<group>";
		};
		3297AB6519B619F900B6C033 /* Lesson13>ThreadsTests */ = {
			isa = PBXGroup;
			children = (
				3297AB6B19B619F900B6C033 /* Lesson13_ThreadsTests.m */,
				3297AB6619B619F900B6C033 /* Supporting Files */,
			);
			path = "Lesson13>ThreadsTests";
			sourceTree = "<group>";
		};
		3297AB6619B619F900B6C033 /* Supporting Files */ = {
			isa = PBXGroup;
			children = (
				3297AB6719B619F900B6C033 /* Lesson13>ThreadsTests-Info.plist */,
				3297AB6819B619F900B6C033 /* InfoPlist.strings */,
			);
			name = "Supporting Files";
			sourceTree = "<group>";
		};
/* End PBXGroup section */

/* Begin PBXNativeTarget section */
		3297AB4219B619F800B6C033 /* Lesson13>Threads */ = {
			isa = PBXNativeTarget;
			buildConfigurationList = 3297AB6F19B619F900B6C033 /* Build configuration list for PBXNativeTarget "Lesson13>Threads" */;
			buildPhases = (
				3297AB3F19B619F800B6C033 /* Sources */,
				3297AB4019B619F800B6C033 /* Frameworks */,
				3297AB4119B619F800B6C033 /* Resources */,
			);
			buildRules = (
			);
			dependencies = (
			);
			name = "Lesson13>Threads";
			productName = "Lesson13>Threads";
			productReference = 3297AB4319B619F800B6C033 /* Lesson13>Threads.app */;
			productType = "com.apple.product-type.application";
		};
		3297AB5D19B619F900B6C033 /* Lesson13>ThreadsTests */ = {
			isa = PBXNativeTarget;
			buildConfigurationList = 3297AB7219B619F900B6C033 /* Build configuration list for PBXNativeTarget "Lesson13>ThreadsTests" */;
			buildPhases = (
				3297AB5A19B619F900B6C033 /* Sources */,
				3297AB5B19B619F900B6C033 /* Frameworks */,
				3297AB5C19B619F900B6C033 /* Resources */,
			);
			buildRules = (
			);
			dependencies = (
				3297AB6419B619F900B6C033 /* PBXTargetDependency */,
			);
			name = "Lesson13>ThreadsTests";
			productName = "Lesson13>ThreadsTests";
			productReference = 3297AB5E19B619F900B6C033 /* Lesson13>ThreadsTests.xctest */;
			productType = "com.apple.product-type.bundle.unit-test";
		};
/* End PBXNativeTarget section */

/* Begin PBXProject section */
		3297AB3B19B619F800B6C033 /* Project object */ = {
			isa = PBXProject;
			attributes = {
				CLASSPREFIX = NB;
				LastUpgradeCheck = 0510;
				ORGANIZATIONNAME = NickBibikov;
				TargetAttributes = {
					3297AB5D19B619F900B6C033 = {
						TestTargetID = 3297AB4219B619F800B6C033;
					};
				};
			};
			buildConfigurationList = 3297AB3E19B619F800B6C033 /* Build configuration list for PBXProject "Lesson13>Threads" */;
			compatibilityVersion = "Xcode 3.2";
			developmentRegion = English;
			hasScannedForEncodings = 0;
			knownRegions = (
				en,
			);
			mainGroup = 3297AB3A19B619F800B6C033;
			productRefGroup = 3297AB4419B619F800B6C033 /* Products */;
			projectDirPath = "";
			projectRoot = "";
			targets = (
				3297AB4219B619F800B6C033 /* Lesson13>Threads */,
				3297AB5D19B619F900B6C033 /* Lesson13>ThreadsTests */,
			);
		};
/* End PBXProject section */

/* Begin PBXResourcesBuildPhase section */
		3297AB4119B619F800B6C033 /* Resources */ = {
			isa = PBXResourcesBuildPhase;
			buildActionMask = 2147483647;
			files = (
				3297AB5119B619F800B6C033 /* InfoPlist.strings in Resources */,
				3297AB5919B619F800B6C033 /* Images.xcassets in Resources */,
			);
			runOnlyForDeploymentPostprocessing = 0;
		};
		3297AB5C19B619F900B6C033 /* Resources */ = {
			isa = PBXResourcesBuildPhase;
			buildActionMask = 2147483647;
			files = (
				3297AB6A19B619F900B6C033 /* InfoPlist.strings in Resources */,
			);
			runOnlyForDeploymentPostprocessing = 0;
		};
/* End PBXResourcesBuildPhase section */

/* Begin PBXSourcesBuildPhase section */
		3297AB3F19B619F800B6C033 /* Sources */ = {
			isa = PBXSourcesBuildPhase;
			buildActionMask = 2147483647;
			files = (
				3297AB5719B619F800B6C033 /* NBAppDelegate.m in Sources */,
				32939DC519B8425600D70CF9 /* NBStudent.m in Sources */,
				32753E0919C2162B00BC28BD /* NBStudentNSOperation.m in Sources */,
				3297AB5319B619F800B6C033 /* main.m in Sources */,
			);
			runOnlyForDeploymentPostprocessing = 0;
		};
		3297AB5A19B619F900B6C033 /* Sources */ = {
			isa = PBXSourcesBuildPhase;
			buildActionMask = 2147483647;
			files = (
				3297AB6C19B619F900B6C033 /* Lesson13_ThreadsTests.m in Sources */,
			);
			runOnlyForDeploymentPostprocessing = 0;
		};
/* End PBXSourcesBuildPhase section */

/* Begin PBXTargetDependency section */
		3297AB6419B619F900B6C033 /* PBXTargetDependency */ = {
			isa = PBXTargetDependency;
			target = 3297AB4219B619F800B6C033 /* Lesson13>Threads */;
			targetProxy = 3297AB6319B619F900B6C033 /* PBXContainerItemProxy */;
		};
/* End PBXTargetDependency section */

/* Begin PBXVariantGroup section */
		3297AB4F19B619F800B6C033 /* InfoPlist.strings */ = {
			isa = PBXVariantGroup;
			children = (
				3297AB5019B619F800B6C033 /* en */,
			);
			name = InfoPlist.strings;
			sourceTree = "<group>";
		};
		3297AB6819B619F900B6C033 /* InfoPlist.strings */ = {
			isa = PBXVariantGroup;
			children = (
				3297AB6919B619F900B6C033 /* en */,
			);
			name = InfoPlist.strings;
			sourceTree = "<group>";
		};
/* End PBXVariantGroup section */

/* Begin XCBuildConfiguration section */
		3297AB6D19B619F900B6C033 /* Debug */ = {
			isa = XCBuildConfiguration;
			buildSettings = {
				ALWAYS_SEARCH_USER_PATHS = NO;
				CLANG_CXX_LANGUAGE_STANDARD = "gnu++0x";
				CLANG_CXX_LIBRARY = "libc++";
				CLANG_ENABLE_MODULES = YES;
				CLANG_ENABLE_OBJC_ARC = YES;
				CLANG_WARN_BOOL_CONVERSION = YES;
				CLANG_WARN_CONSTANT_CONVERSION = YES;
				CLANG_WARN_DIRECT_OBJC_ISA_USAGE = YES_ERROR;
				CLANG_WARN_EMPTY_BODY = YES;
				CLANG_WARN_ENUM_CONVERSION = YES;
				CLANG_WARN_INT_CONVERSION = YES;
				CLANG_WARN_OBJC_ROOT_CLASS = YES_ERROR;
				CLANG_WARN__DUPLICATE_METHOD_MATCH = YES;
				"CODE_SIGN_IDENTITY[sdk=iphoneos*]" = "iPhone Developer";
				COPY_PHASE_STRIP = NO;
				GCC_C_LANGUAGE_STANDARD = gnu99;
				GCC_DYNAMIC_NO_PIC = NO;
				GCC_OPTIMIZATION_LEVEL = 0;
				GCC_PREPROCESSOR_DEFINITIONS = (
					"DEBUG=1",
					"$(inherited)",
				);
				GCC_SYMBOLS_PRIVATE_EXTERN = NO;
				GCC_WARN_64_TO_32_BIT_CONVERSION = YES;
				GCC_WARN_ABOUT_RETURN_TYPE = YES_ERROR;
				GCC_WARN_UNDECLARED_SELECTOR = YES;
				GCC_WARN_UNINITIALIZED_AUTOS = YES_AGGRESSIVE;
				GCC_WARN_UNUSED_FUNCTION = YES;
				GCC_WARN_UNUSED_VARIABLE = YES;
				IPHONEOS_DEPLOYMENT_TARGET = 7.1;
				ONLY_ACTIVE_ARCH = YES;
				SDKROOT = iphoneos;
				TARGETED_DEVICE_FAMILY = "1,2";
			};
			name = Debug;
		};
		3297AB6E19B619F900B6C033 /* Release */ = {
			isa = XCBuildConfiguration;
			buildSettings = {
				ALWAYS_SEARCH_USER_PATHS = NO;
				CLANG_CXX_LANGUAGE_STANDARD = "gnu++0x";
				CLANG_CXX_LIBRARY = "libc++";
				CLANG_ENABLE_MODULES = YES;
				CLANG_ENABLE_OBJC_ARC = YES;
				CLANG_WARN_BOOL_CONVERSION = YES;
				CLANG_WARN_CONSTANT_CONVERSION = YES;
				CLANG_WARN_DIRECT_OBJC_ISA_USAGE = YES_ERROR;
				CLANG_WARN_EMPTY_BODY = YES;
				CLANG_WARN_ENUM_CONVERSION = YES;
				CLANG_WARN_INT_CONVERSION = YES;
				CLANG_WARN_OBJC_ROOT_CLASS = YES_ERROR;
				CLANG_WARN__DUPLICATE_METHOD_MATCH = YES;
				"CODE_SIGN_IDENTITY[sdk=iphoneos*]" = "iPhone Developer";
				COPY_PHASE_STRIP = YES;
				ENABLE_NS_ASSERTIONS = NO;
				GCC_C_LANGUAGE_STANDARD = gnu99;
				GCC_WARN_64_TO_32_BIT_CONVERSION = YES;
				GCC_WARN_ABOUT_RETURN_TYPE = YES_ERROR;
				GCC_WARN_UNDECLARED_SELECTOR = YES;
				GCC_WARN_UNINITIALIZED_AUTOS = YES_AGGRESSIVE;
				GCC_WARN_UNUSED_FUNCTION = YES;
				GCC_WARN_UNUSED_VARIABLE = YES;
				IPHONEOS_DEPLOYMENT_TARGET = 7.1;
				SDKROOT = iphoneos;
				TARGETED_DEVICE_FAMILY = "1,2";
				VALIDATE_PRODUCT = YES;
			};
			name = Release;
		};
		3297AB7019B619F900B6C033 /* Debug */ = {
			isa = XCBuildConfiguration;
			buildSettings = {
				ASSETCATALOG_COMPILER_APPICON_NAME = AppIcon;
				ASSETCATALOG_COMPILER_LAUNCHIMAGE_NAME = LaunchImage;
				GCC_PRECOMPILE_PREFIX_HEADER = YES;
				GCC_PREFIX_HEADER = "Lesson13>Threads/Lesson13>Threads-Prefix.pch";
				INFOPLIST_FILE = "Lesson13>Threads/Lesson13>Threads-Info.plist";
				PRODUCT_NAME = "$(TARGET_NAME)";
				WRAPPER_EXTENSION = app;
			};
			name = Debug;
		};
		3297AB7119B619F900B6C033 /* Release */ = {
			isa = XCBuildConfiguration;
			buildSettings = {
				ASSETCATALOG_COMPILER_APPICON_NAME = AppIcon;
				ASSETCATALOG_COMPILER_LAUNCHIMAGE_NAME = LaunchImage;
				GCC_PRECOMPILE_PREFIX_HEADER = YES;
				GCC_PREFIX_HEADER = "Lesson13>Threads/Lesson13>Threads-Prefix.pch";
				INFOPLIST_FILE = "Lesson13>Threads/Lesson13>Threads-Info.plist";
				PRODUCT_NAME = "$(TARGET_NAME)";
				WRAPPER_EXTENSION = app;
			};
			name = Release;
		};
		3297AB7319B619F900B6C033 /* Debug */ = {
			isa = XCBuildConfiguration;
			buildSettings = {
				BUNDLE_LOADER = "$(BUILT_PRODUCTS_DIR)/Lesson13>Threads.app/Lesson13>Threads";
				FRAMEWORK_SEARCH_PATHS = (
					"$(SDKROOT)/Developer/Library/Frameworks",
					"$(inherited)",
					"$(DEVELOPER_FRAMEWORKS_DIR)",
				);
				GCC_PRECOMPILE_PREFIX_HEADER = YES;
				GCC_PREFIX_HEADER = "Lesson13>Threads/Lesson13>Threads-Prefix.pch";
				GCC_PREPROCESSOR_DEFINITIONS = (
					"DEBUG=1",
					"$(inherited)",
				);
				INFOPLIST_FILE = "Lesson13>ThreadsTests/Lesson13>ThreadsTests-Info.plist";
				PRODUCT_NAME = "$(TARGET_NAME)";
				TEST_HOST = "$(BUNDLE_LOADER)";
				WRAPPER_EXTENSION = xctest;
			};
			name = Debug;
		};
		3297AB7419B619F900B6C033 /* Release */ = {
			isa = XCBuildConfiguration;
			buildSettings = {
				BUNDLE_LOADER = "$(BUILT_PRODUCTS_DIR)/Lesson13>Threads.app/Lesson13>Threads";
				FRAMEWORK_SEARCH_PATHS = (
					"$(SDKROOT)/Developer/Library/Frameworks",
					"$(inherited)",
					"$(DEVELOPER_FRAMEWORKS_DIR)",
				);
				GCC_PRECOMPILE_PREFIX_HEADER = YES;
				GCC_PREFIX_HEADER = "Lesson13>Threads/Lesson13>Threads-Prefix.pch";
				INFOPLIST_FILE = "Lesson13>ThreadsTests/Lesson13>ThreadsTests-Info.plist";
				PRODUCT_NAME = "$(TARGET_NAME)";
				TEST_HOST = "$(BUNDLE_LOADER)";
				WRAPPER_EXTENSION = xctest;
			};
			name = Release;
		};
/* End XCBuildConfiguration section */

/* Begin XCConfigurationList section */
		3297AB3E19B619F800B6C033 /* Build configuration list for PBXProject "Lesson13>Threads" */ = {
			isa = XCConfigurationList;
			buildConfigurations = (
				3297AB6D19B619F900B6C033 /* Debug */,
				3297AB6E19B619F900B6C033 /* Release */,
			);
			defaultConfigurationIsVisible = 0;
			defaultConfigurationName = Release;
		};
		3297AB6F19B619F900B6C033 /* Build configuration list for PBXNativeTarget "Lesson13>Threads" */ = {
			isa = XCConfigurationList;
			buildConfigurations = (
				3297AB7019B619F900B6C033 /* Debug */,
				3297AB7119B619F900B6C033 /* Release */,
			);
			defaultConfigurationIsVisible = 0;
			defaultConfigurationName = Release;
		};
		3297AB7219B619F900B6C033 /* Build configuration list for PBXNativeTarget "Lesson13>ThreadsTests" */ = {
			isa = XCConfigurationList;
			buildConfigurations = (
				3297AB7319B619F900B6C033 /* Debug */,
				3297AB7419B619F900B6C033 /* Release */,
			);
			defaultConfigurationIsVisible = 0;
			defaultConfigurationName = Release;
		};
/* End XCConfigurationList section */
	};
	rootObject = 3297AB3B19B619F800B6C033 /* Project object */;
}
